// !$*UTF8*$!
{
	archiveVersion = 1;
	classes = {
	};
	objectVersion = 55;
	objects = {

/* Begin PBXBuildFile section */
		DBDCD9EF28D59F5C00915573 /* iNotesApp.swift in Sources */ = {isa = PBXBuildFile; fileRef = DBDCD9EE28D59F5C00915573 /* iNotesApp.swift */; };
		DBDCD9F128D59F5C00915573 /* ContentView.swift in Sources */ = {isa = PBXBuildFile; fileRef = DBDCD9F028D59F5C00915573 /* ContentView.swift */; };
		DBDCD9F328D59F6000915573 /* Assets.xcassets in Resources */ = {isa = PBXBuildFile; fileRef = DBDCD9F228D59F6000915573 /* Assets.xcassets */; };
		DBDCD9F628D59F6000915573 /* Preview Assets.xcassets in Resources */ = {isa = PBXBuildFile; fileRef = DBDCD9F528D59F6000915573 /* Preview Assets.xcassets */; };
		DBDCD9F828D59F6000915573 /* Persistence.swift in Sources */ = {isa = PBXBuildFile; fileRef = DBDCD9F728D59F6000915573 /* Persistence.swift */; };
		DBDCD9FB28D59F6000915573 /* iNotes.xcdatamodeld in Sources */ = {isa = PBXBuildFile; fileRef = DBDCD9F928D59F6000915573 /* iNotes.xcdatamodeld */; };
		DBDCDA0528D59F6000915573 /* iNotesTests.swift in Sources */ = {isa = PBXBuildFile; fileRef = DBDCDA0428D59F6000915573 /* iNotesTests.swift */; };
		DBDCDA0F28D59F6000915573 /* iNotesUITests.swift in Sources */ = {isa = PBXBuildFile; fileRef = DBDCDA0E28D59F6000915573 /* iNotesUITests.swift */; };
		DBDCDA1128D59F6000915573 /* iNotesUITestsLaunchTests.swift in Sources */ = {isa = PBXBuildFile; fileRef = DBDCDA1028D59F6000915573 /* iNotesUITestsLaunchTests.swift */; };
		DBDCDA1E28D5A00600915573 /* iNotesModel.swift in Sources */ = {isa = PBXBuildFile; fileRef = DBDCDA1D28D5A00600915573 /* iNotesModel.swift */; };
		DBDCDA2028D5A25900915573 /* iNotesService.swift in Sources */ = {isa = PBXBuildFile; fileRef = DBDCDA1F28D5A25900915573 /* iNotesService.swift */; };
		DBDCDA2228D5A6FF00915573 /* iNotesDetail.swift in Sources */ = {isa = PBXBuildFile; fileRef = DBDCDA2128D5A6FF00915573 /* iNotesDetail.swift */; };
		DBDCDA2428D5ACCD00915573 /* iNotesCell.swift in Sources */ = {isa = PBXBuildFile; fileRef = DBDCDA2328D5ACCD00915573 /* iNotesCell.swift */; };
		DBDCDA2628D5F8C500915573 /* iNoteAdd.swift in Sources */ = {isa = PBXBuildFile; fileRef = DBDCDA2528D5F8C400915573 /* iNoteAdd.swift */; };
		DBDCDA6328D6525500915573 /* ImagePicker.swift in Sources */ = {isa = PBXBuildFile; fileRef = DBDCDA6228D6525500915573 /* ImagePicker.swift */; };
		DBDCDA6E28D7A33100915573 /* Constants.swift in Sources */ = {isa = PBXBuildFile; fileRef = DBDCDA6D28D7A33100915573 /* Constants.swift */; };
/* End PBXBuildFile section */

/* Begin PBXContainerItemProxy section */
		DBDCDA0128D59F6000915573 /* PBXContainerItemProxy */ = {
			isa = PBXContainerItemProxy;
			containerPortal = DBDCD9E328D59F5C00915573 /* Project object */;
			proxyType = 1;
			remoteGlobalIDString = DBDCD9EA28D59F5C00915573;
			remoteInfo = iNotes;
		};
		DBDCDA0B28D59F6000915573 /* PBXContainerItemProxy */ = {
			isa = PBXContainerItemProxy;
			containerPortal = DBDCD9E328D59F5C00915573 /* Project object */;
			proxyType = 1;
			remoteGlobalIDString = DBDCD9EA28D59F5C00915573;
			remoteInfo = iNotes;
		};
/* End PBXContainerItemProxy section */

/* Begin PBXFileReference section */
		DBDCD9EB28D59F5C00915573 /* iNotes.app */ = {isa = PBXFileReference; explicitFileType = wrapper.application; includeInIndex = 0; path = iNotes.app; sourceTree = BUILT_PRODUCTS_DIR; };
		DBDCD9EE28D59F5C00915573 /* iNotesApp.swift */ = {isa = PBXFileReference; lastKnownFileType = sourcecode.swift; path = iNotesApp.swift; sourceTree = "<group>"; };
		DBDCD9F028D59F5C00915573 /* ContentView.swift */ = {isa = PBXFileReference; lastKnownFileType = sourcecode.swift; path = ContentView.swift; sourceTree = "<group>"; };
		DBDCD9F228D59F6000915573 /* Assets.xcassets */ = {isa = PBXFileReference; lastKnownFileType = folder.assetcatalog; path = Assets.xcassets; sourceTree = "<group>"; };
		DBDCD9F528D59F6000915573 /* Preview Assets.xcassets */ = {isa = PBXFileReference; lastKnownFileType = folder.assetcatalog; path = "Preview Assets.xcassets"; sourceTree = "<group>"; };
		DBDCD9F728D59F6000915573 /* Persistence.swift */ = {isa = PBXFileReference; lastKnownFileType = sourcecode.swift; path = Persistence.swift; sourceTree = "<group>"; };
		DBDCD9FA28D59F6000915573 /* iNotes.xcdatamodel */ = {isa = PBXFileReference; lastKnownFileType = wrapper.xcdatamodel; path = iNotes.xcdatamodel; sourceTree = "<group>"; };
		DBDCDA0028D59F6000915573 /* iNotesTests.xctest */ = {isa = PBXFileReference; explicitFileType = wrapper.cfbundle; includeInIndex = 0; path = iNotesTests.xctest; sourceTree = BUILT_PRODUCTS_DIR; };
		DBDCDA0428D59F6000915573 /* iNotesTests.swift */ = {isa = PBXFileReference; lastKnownFileType = sourcecode.swift; path = iNotesTests.swift; sourceTree = "<group>"; };
		DBDCDA0A28D59F6000915573 /* iNotesUITests.xctest */ = {isa = PBXFileReference; explicitFileType = wrapper.cfbundle; includeInIndex = 0; path = iNotesUITests.xctest; sourceTree = BUILT_PRODUCTS_DIR; };
		DBDCDA0E28D59F6000915573 /* iNotesUITests.swift */ = {isa = PBXFileReference; lastKnownFileType = sourcecode.swift; path = iNotesUITests.swift; sourceTree = "<group>"; };
		DBDCDA1028D59F6000915573 /* iNotesUITestsLaunchTests.swift */ = {isa = PBXFileReference; lastKnownFileType = sourcecode.swift; path = iNotesUITestsLaunchTests.swift; sourceTree = "<group>"; };
		DBDCDA1D28D5A00600915573 /* iNotesModel.swift */ = {isa = PBXFileReference; lastKnownFileType = sourcecode.swift; path = iNotesModel.swift; sourceTree = "<group>"; };
		DBDCDA1F28D5A25900915573 /* iNotesService.swift */ = {isa = PBXFileReference; lastKnownFileType = sourcecode.swift; path = iNotesService.swift; sourceTree = "<group>"; };
		DBDCDA2128D5A6FF00915573 /* iNotesDetail.swift */ = {isa = PBXFileReference; lastKnownFileType = sourcecode.swift; path = iNotesDetail.swift; sourceTree = "<group>"; };
		DBDCDA2328D5ACCD00915573 /* iNotesCell.swift */ = {isa = PBXFileReference; lastKnownFileType = sourcecode.swift; path = iNotesCell.swift; sourceTree = "<group>"; };
		DBDCDA2528D5F8C400915573 /* iNoteAdd.swift */ = {isa = PBXFileReference; lastKnownFileType = sourcecode.swift; path = iNoteAdd.swift; sourceTree = "<group>"; };
		DBDCDA6228D6525500915573 /* ImagePicker.swift */ = {isa = PBXFileReference; lastKnownFileType = sourcecode.swift; path = ImagePicker.swift; sourceTree = "<group>"; };
		DBDCDA6D28D7A33100915573 /* Constants.swift */ = {isa = PBXFileReference; lastKnownFileType = sourcecode.swift; name = Constants.swift; path = iNotes/Modifier/Constants.swift; sourceTree = SOURCE_ROOT; };
/* End PBXFileReference section */

/* Begin PBXFrameworksBuildPhase section */
		DBDCD9E828D59F5C00915573 /* Frameworks */ = {
			isa = PBXFrameworksBuildPhase;
			buildActionMask = 2147483647;
			files = (
			);
			runOnlyForDeploymentPostprocessing = 0;
		};
		DBDCD9FD28D59F6000915573 /* Frameworks */ = {
			isa = PBXFrameworksBuildPhase;
			buildActionMask = 2147483647;
			files = (
			);
			runOnlyForDeploymentPostprocessing = 0;
		};
		DBDCDA0728D59F6000915573 /* Frameworks */ = {
			isa = PBXFrameworksBuildPhase;
			buildActionMask = 2147483647;
			files = (
			);
			runOnlyForDeploymentPostprocessing = 0;
		};
/* End PBXFrameworksBuildPhase section */

/* Begin PBXGroup section */
		DBDCD9E228D59F5C00915573 = {
			isa = PBXGroup;
			children = (
				DBDCD9ED28D59F5C00915573 /* iNotes */,
				DBDCDA0328D59F6000915573 /* iNotesTests */,
				DBDCDA0D28D59F6000915573 /* iNotesUITests */,
				DBDCD9EC28D59F5C00915573 /* Products */,
			);
			sourceTree = "<group>";
		};
		DBDCD9EC28D59F5C00915573 /* Products */ = {
			isa = PBXGroup;
			children = (
				DBDCD9EB28D59F5C00915573 /* iNotes.app */,
				DBDCDA0028D59F6000915573 /* iNotesTests.xctest */,
				DBDCDA0A28D59F6000915573 /* iNotesUITests.xctest */,
			);
			name = Products;
			sourceTree = "<group>";
		};
		DBDCD9ED28D59F5C00915573 /* iNotes */ = {
			isa = PBXGroup;
			children = (
				DBDCDA6C28D79B8A00915573 /* HelperClasses */,
				DBDCDA6B28D79B8100915573 /* Service */,
				DBDCDA6A28D79B7000915573 /* Persistence */,
				DBDCDA6928D79B5500915573 /* SwiftUI Views */,
				DBDCDA6828D79B4500915573 /* ListCell */,
				DBDCDA6728D79B3100915573 /* Model */,
				DBDCD9EE28D59F5C00915573 /* iNotesApp.swift */,
				DBDCD9F228D59F6000915573 /* Assets.xcassets */,
				DBDCD9F428D59F6000915573 /* Preview Content */,
			);
			path = iNotes;
			sourceTree = "<group>";
		};
		DBDCD9F428D59F6000915573 /* Preview Content */ = {
			isa = PBXGroup;
			children = (
				DBDCD9F528D59F6000915573 /* Preview Assets.xcassets */,
			);
			path = "Preview Content";
			sourceTree = "<group>";
		};
		DBDCDA0328D59F6000915573 /* iNotesTests */ = {
			isa = PBXGroup;
			children = (
				DBDCDA0428D59F6000915573 /* iNotesTests.swift */,
			);
			path = iNotesTests;
			sourceTree = "<group>";
		};
		DBDCDA0D28D59F6000915573 /* iNotesUITests */ = {
			isa = PBXGroup;
			children = (
				DBDCDA0E28D59F6000915573 /* iNotesUITests.swift */,
				DBDCDA1028D59F6000915573 /* iNotesUITestsLaunchTests.swift */,
			);
			path = iNotesUITests;
			sourceTree = "<group>";
		};
		DBDCDA6728D79B3100915573 /* Model */ = {
			isa = PBXGroup;
			children = (
				DBDCDA1D28D5A00600915573 /* iNotesModel.swift */,
			);
			path = Model;
			sourceTree = "<group>";
		};
		DBDCDA6828D79B4500915573 /* ListCell */ = {
			isa = PBXGroup;
			children = (
				DBDCDA2328D5ACCD00915573 /* iNotesCell.swift */,
			);
			path = ListCell;
			sourceTree = "<group>";
		};
		DBDCDA6928D79B5500915573 /* SwiftUI Views */ = {
			isa = PBXGroup;
			children = (
				DBDCDA2128D5A6FF00915573 /* iNotesDetail.swift */,
				DBDCDA2528D5F8C400915573 /* iNoteAdd.swift */,
				DBDCD9F028D59F5C00915573 /* ContentView.swift */,
			);
			path = "SwiftUI Views";
			sourceTree = "<group>";
		};
		DBDCDA6A28D79B7000915573 /* Persistence */ = {
			isa = PBXGroup;
			children = (
				DBDCD9F728D59F6000915573 /* Persistence.swift */,
				DBDCD9F928D59F6000915573 /* iNotes.xcdatamodeld */,
			);
			path = Persistence;
			sourceTree = "<group>";
		};
		DBDCDA6B28D79B8100915573 /* Service */ = {
			isa = PBXGroup;
			children = (
				DBDCDA1F28D5A25900915573 /* iNotesService.swift */,
			);
			path = Service;
			sourceTree = "<group>";
		};
		DBDCDA6C28D79B8A00915573 /* HelperClasses */ = {
			isa = PBXGroup;
			children = (
				DBDCDA6228D6525500915573 /* ImagePicker.swift */,
				DBDCDA6D28D7A33100915573 /* Constants.swift */,
			);
			path = HelperClasses;
			sourceTree = "<group>";
		};
/* End PBXGroup section */

/* Begin PBXNativeTarget section */
		DBDCD9EA28D59F5C00915573 /* iNotes */ = {
			isa = PBXNativeTarget;
			buildConfigurationList = DBDCDA1428D59F6000915573 /* Build configuration list for PBXNativeTarget "iNotes" */;
			buildPhases = (
				DBDCD9E728D59F5C00915573 /* Sources */,
				DBDCD9E828D59F5C00915573 /* Frameworks */,
				DBDCD9E928D59F5C00915573 /* Resources */,
			);
			buildRules = (
			);
			dependencies = (
			);
			name = iNotes;
			productName = iNotes;
			productReference = DBDCD9EB28D59F5C00915573 /* iNotes.app */;
			productType = "com.apple.product-type.application";
		};
		DBDCD9FF28D59F6000915573 /* iNotesTests */ = {
			isa = PBXNativeTarget;
			buildConfigurationList = DBDCDA1728D59F6000915573 /* Build configuration list for PBXNativeTarget "iNotesTests" */;
			buildPhases = (
				DBDCD9FC28D59F6000915573 /* Sources */,
				DBDCD9FD28D59F6000915573 /* Frameworks */,
				DBDCD9FE28D59F6000915573 /* Resources */,
			);
			buildRules = (
			);
			dependencies = (
				DBDCDA0228D59F6000915573 /* PBXTargetDependency */,
			);
			name = iNotesTests;
			productName = iNotesTests;
			productReference = DBDCDA0028D59F6000915573 /* iNotesTests.xctest */;
			productType = "com.apple.product-type.bundle.unit-test";
		};
		DBDCDA0928D59F6000915573 /* iNotesUITests */ = {
			isa = PBXNativeTarget;
			buildConfigurationList = DBDCDA1A28D59F6000915573 /* Build configuration list for PBXNativeTarget "iNotesUITests" */;
			buildPhases = (
				DBDCDA0628D59F6000915573 /* Sources */,
				DBDCDA0728D59F6000915573 /* Frameworks */,
				DBDCDA0828D59F6000915573 /* Resources */,
			);
			buildRules = (
			);
			dependencies = (
				DBDCDA0C28D59F6000915573 /* PBXTargetDependency */,
			);
			name = iNotesUITests;
			productName = iNotesUITests;
			productReference = DBDCDA0A28D59F6000915573 /* iNotesUITests.xctest */;
			productType = "com.apple.product-type.bundle.ui-testing";
		};
/* End PBXNativeTarget section */

/* Begin PBXProject section */
		DBDCD9E328D59F5C00915573 /* Project object */ = {
			isa = PBXProject;
			attributes = {
				BuildIndependentTargetsInParallel = 1;
				LastSwiftUpdateCheck = 1320;
				LastUpgradeCheck = 1320;
				TargetAttributes = {
					DBDCD9EA28D59F5C00915573 = {
						CreatedOnToolsVersion = 13.2;
					};
					DBDCD9FF28D59F6000915573 = {
						CreatedOnToolsVersion = 13.2;
						TestTargetID = DBDCD9EA28D59F5C00915573;
					};
					DBDCDA0928D59F6000915573 = {
						CreatedOnToolsVersion = 13.2;
						TestTargetID = DBDCD9EA28D59F5C00915573;
					};
				};
			};
			buildConfigurationList = DBDCD9E628D59F5C00915573 /* Build configuration list for PBXProject "iNotes" */;
			compatibilityVersion = "Xcode 13.0";
			developmentRegion = en;
			hasScannedForEncodings = 0;
			knownRegions = (
				en,
				Base,
			);
			mainGroup = DBDCD9E228D59F5C00915573;
			productRefGroup = DBDCD9EC28D59F5C00915573 /* Products */;
			projectDirPath = "";
			projectRoot = "";
			targets = (
				DBDCD9EA28D59F5C00915573 /* iNotes */,
				DBDCD9FF28D59F6000915573 /* iNotesTests */,
				DBDCDA0928D59F6000915573 /* iNotesUITests */,
			);
		};
/* End PBXProject section */

/* Begin PBXResourcesBuildPhase section */
		DBDCD9E928D59F5C00915573 /* Resources */ = {
			isa = PBXResourcesBuildPhase;
			buildActionMask = 2147483647;
			files = (
				DBDCD9F628D59F6000915573 /* Preview Assets.xcassets in Resources */,
				DBDCD9F328D59F6000915573 /* Assets.xcassets in Resources */,
			);
			runOnlyForDeploymentPostprocessing = 0;
		};
		DBDCD9FE28D59F6000915573 /* Resources */ = {
			isa = PBXResourcesBuildPhase;
			buildActionMask = 2147483647;
			files = (
			);
			runOnlyForDeploymentPostprocessing = 0;
		};
		DBDCDA0828D59F6000915573 /* Resources */ = {
			isa = PBXResourcesBuildPhase;
			buildActionMask = 2147483647;
			files = (
			);
			runOnlyForDeploymentPostprocessing = 0;
		};
/* End PBXResourcesBuildPhase section */

/* Begin PBXSourcesBuildPhase section */
		DBDCD9E728D59F5C00915573 /* Sources */ = {
			isa = PBXSourcesBuildPhase;
			buildActionMask = 2147483647;
			files = (
				DBDCD9F828D59F6000915573 /* Persistence.swift in Sources */,
				DBDCDA6E28D7A33100915573 /* Constants.swift in Sources */,
				DBDCDA2028D5A25900915573 /* iNotesService.swift in Sources */,
				DBDCDA1E28D5A00600915573 /* iNotesModel.swift in Sources */,
				DBDCD9FB28D59F6000915573 /* iNotes.xcdatamodeld in Sources */,
				DBDCD9F128D59F5C00915573 /* ContentView.swift in Sources */,
				DBDCDA2428D5ACCD00915573 /* iNotesCell.swift in Sources */,
				DBDCDA2628D5F8C500915573 /* iNoteAdd.swift in Sources */,
				DBDCDA6328D6525500915573 /* ImagePicker.swift in Sources */,
				DBDCD9EF28D59F5C00915573 /* iNotesApp.swift in Sources */,
				DBDCDA2228D5A6FF00915573 /* iNotesDetail.swift in Sources */,
			);
			runOnlyForDeploymentPostprocessing = 0;
		};
		DBDCD9FC28D59F6000915573 /* Sources */ = {
			isa = PBXSourcesBuildPhase;
			buildActionMask = 2147483647;
			files = (
				DBDCDA0528D59F6000915573 /* iNotesTests.swift in Sources */,
			);
			runOnlyForDeploymentPostprocessing = 0;
		};
		DBDCDA0628D59F6000915573 /* Sources */ = {
			isa = PBXSourcesBuildPhase;
			buildActionMask = 2147483647;
			files = (
				DBDCDA1128D59F6000915573 /* iNotesUITestsLaunchTests.swift in Sources */,
				DBDCDA0F28D59F6000915573 /* iNotesUITests.swift in Sources */,
			);
			runOnlyForDeploymentPostprocessing = 0;
		};
/* End PBXSourcesBuildPhase section */

/* Begin PBXTargetDependency section */
		DBDCDA0228D59F6000915573 /* PBXTargetDependency */ = {
			isa = PBXTargetDependency;
			target = DBDCD9EA28D59F5C00915573 /* iNotes */;
			targetProxy = DBDCDA0128D59F6000915573 /* PBXContainerItemProxy */;
		};
		DBDCDA0C28D59F6000915573 /* PBXTargetDependency */ = {
			isa = PBXTargetDependency;
			target = DBDCD9EA28D59F5C00915573 /* iNotes */;
			targetProxy = DBDCDA0B28D59F6000915573 /* PBXContainerItemProxy */;
		};
/* End PBXTargetDependency section */

/* Begin XCBuildConfiguration section */
		DBDCDA1228D59F6000915573 /* Debug */ = {
			isa = XCBuildConfiguration;
			buildSettings = {
				ALWAYS_SEARCH_USER_PATHS = NO;
				CLANG_ANALYZER_NONNULL = YES;
				CLANG_ANALYZER_NUMBER_OBJECT_CONVERSION = YES_AGGRESSIVE;
				CLANG_CXX_LANGUAGE_STANDARD = "gnu++17";
				CLANG_CXX_LIBRARY = "libc++";
				CLANG_ENABLE_MODULES = YES;
				CLANG_ENABLE_OBJC_ARC = YES;
				CLANG_ENABLE_OBJC_WEAK = YES;
				CLANG_WARN_BLOCK_CAPTURE_AUTORELEASING = YES;
				CLANG_WARN_BOOL_CONVERSION = YES;
				CLANG_WARN_COMMA = YES;
				CLANG_WARN_CONSTANT_CONVERSION = YES;
				CLANG_WARN_DEPRECATED_OBJC_IMPLEMENTATIONS = YES;
				CLANG_WARN_DIRECT_OBJC_ISA_USAGE = YES_ERROR;
				CLANG_WARN_DOCUMENTATION_COMMENTS = YES;
				CLANG_WARN_EMPTY_BODY = YES;
				CLANG_WARN_ENUM_CONVERSION = YES;
				CLANG_WARN_INFINITE_RECURSION = YES;
				CLANG_WARN_INT_CONVERSION = YES;
				CLANG_WARN_NON_LITERAL_NULL_CONVERSION = YES;
				CLANG_WARN_OBJC_IMPLICIT_RETAIN_SELF = YES;
				CLANG_WARN_OBJC_LITERAL_CONVERSION = YES;
				CLANG_WARN_OBJC_ROOT_CLASS = YES_ERROR;
				CLANG_WARN_QUOTED_INCLUDE_IN_FRAMEWORK_HEADER = YES;
				CLANG_WARN_RANGE_LOOP_ANALYSIS = YES;
				CLANG_WARN_STRICT_PROTOTYPES = YES;
				CLANG_WARN_SUSPICIOUS_MOVE = YES;
				CLANG_WARN_UNGUARDED_AVAILABILITY = YES_AGGRESSIVE;
				CLANG_WARN_UNREACHABLE_CODE = YES;
				CLANG_WARN__DUPLICATE_METHOD_MATCH = YES;
				COPY_PHASE_STRIP = NO;
				DEBUG_INFORMATION_FORMAT = dwarf;
				ENABLE_STRICT_OBJC_MSGSEND = YES;
				ENABLE_TESTABILITY = YES;
				GCC_C_LANGUAGE_STANDARD = gnu11;
				GCC_DYNAMIC_NO_PIC = NO;
				GCC_NO_COMMON_BLOCKS = YES;
				GCC_OPTIMIZATION_LEVEL = 0;
				GCC_PREPROCESSOR_DEFINITIONS = (
					"DEBUG=1",
					"$(inherited)",
				);
				GCC_WARN_64_TO_32_BIT_CONVERSION = YES;
				GCC_WARN_ABOUT_RETURN_TYPE = YES_ERROR;
				GCC_WARN_UNDECLARED_SELECTOR = YES;
				GCC_WARN_UNINITIALIZED_AUTOS = YES_AGGRESSIVE;
				GCC_WARN_UNUSED_FUNCTION = YES;
				GCC_WARN_UNUSED_VARIABLE = YES;
				IPHONEOS_DEPLOYMENT_TARGET = 15.2;
				MTL_ENABLE_DEBUG_INFO = INCLUDE_SOURCE;
				MTL_FAST_MATH = YES;
				ONLY_ACTIVE_ARCH = YES;
				SDKROOT = iphoneos;
				SWIFT_ACTIVE_COMPILATION_CONDITIONS = DEBUG;
				SWIFT_OPTIMIZATION_LEVEL = "-Onone";
			};
			name = Debug;
		};
		DBDCDA1328D59F6000915573 /* Release */ = {
			isa = XCBuildConfiguration;
			buildSettings = {
				ALWAYS_SEARCH_USER_PATHS = NO;
				CLANG_ANALYZER_NONNULL = YES;
				CLANG_ANALYZER_NUMBER_OBJECT_CONVERSION = YES_AGGRESSIVE;
				CLANG_CXX_LANGUAGE_STANDARD = "gnu++17";
				CLANG_CXX_LIBRARY = "libc++";
				CLANG_ENABLE_MODULES = YES;
				CLANG_ENABLE_OBJC_ARC = YES;
				CLANG_ENABLE_OBJC_WEAK = YES;
				CLANG_WARN_BLOCK_CAPTURE_AUTORELEASING = YES;
				CLANG_WARN_BOOL_CONVERSION = YES;
				CLANG_WARN_COMMA = YES;
				CLANG_WARN_CONSTANT_CONVERSION = YES;
				CLANG_WARN_DEPRECATED_OBJC_IMPLEMENTATIONS = YES;
				CLANG_WARN_DIRECT_OBJC_ISA_USAGE = YES_ERROR;
				CLANG_WARN_DOCUMENTATION_COMMENTS = YES;
				CLANG_WARN_EMPTY_BODY = YES;
				CLANG_WARN_ENUM_CONVERSION = YES;
				CLANG_WARN_INFINITE_RECURSION = YES;
				CLANG_WARN_INT_CONVERSION = YES;
				CLANG_WARN_NON_LITERAL_NULL_CONVERSION = YES;
				CLANG_WARN_OBJC_IMPLICIT_RETAIN_SELF = YES;
				CLANG_WARN_OBJC_LITERAL_CONVERSION = YES;
				CLANG_WARN_OBJC_ROOT_CLASS = YES_ERROR;
				CLANG_WARN_QUOTED_INCLUDE_IN_FRAMEWORK_HEADER = YES;
				CLANG_WARN_RANGE_LOOP_ANALYSIS = YES;
				CLANG_WARN_STRICT_PROTOTYPES = YES;
				CLANG_WARN_SUSPICIOUS_MOVE = YES;
				CLANG_WARN_UNGUARDED_AVAILABILITY = YES_AGGRESSIVE;
				CLANG_WARN_UNREACHABLE_CODE = YES;
				CLANG_WARN__DUPLICATE_METHOD_MATCH = YES;
				COPY_PHASE_STRIP = NO;
				DEBUG_INFORMATION_FORMAT = "dwarf-with-dsym";
				ENABLE_NS_ASSERTIONS = NO;
				ENABLE_STRICT_OBJC_MSGSEND = YES;
				GCC_C_LANGUAGE_STANDARD = gnu11;
				GCC_NO_COMMON_BLOCKS = YES;
				GCC_WARN_64_TO_32_BIT_CONVERSION = YES;
				GCC_WARN_ABOUT_RETURN_TYPE = YES_ERROR;
				GCC_WARN_UNDECLARED_SELECTOR = YES;
				GCC_WARN_UNINITIALIZED_AUTOS = YES_AGGRESSIVE;
				GCC_WARN_UNUSED_FUNCTION = YES;
				GCC_WARN_UNUSED_VARIABLE = YES;
				IPHONEOS_DEPLOYMENT_TARGET = 15.2;
				MTL_ENABLE_DEBUG_INFO = NO;
				MTL_FAST_MATH = YES;
				SDKROOT = iphoneos;
				SWIFT_COMPILATION_MODE = wholemodule;
				SWIFT_OPTIMIZATION_LEVEL = "-O";
				VALIDATE_PRODUCT = YES;
			};
			name = Release;
		};
		DBDCDA1528D59F6000915573 /* Debug */ = {
			isa = XCBuildConfiguration;
			buildSettings = {
				ASSETCATALOG_COMPILER_APPICON_NAME = AppIcon;
				ASSETCATALOG_COMPILER_GLOBAL_ACCENT_COLOR_NAME = AccentColor;
				CODE_SIGN_STYLE = Automatic;
				CURRENT_PROJECT_VERSION = 1;
				DEVELOPMENT_ASSET_PATHS = "\"iNotes/Preview Content\"";
				DEVELOPMENT_TEAM = 537TA5URP7;
				ENABLE_PREVIEWS = YES;
				GENERATE_INFOPLIST_FILE = YES;
				INFOPLIST_KEY_UIApplicationSceneManifest_Generation = YES;
				INFOPLIST_KEY_UIApplicationSupportsIndirectInputEvents = YES;
				INFOPLIST_KEY_UILaunchScreen_Generation = YES;
				INFOPLIST_KEY_UISupportedInterfaceOrientations_iPad = "UIInterfaceOrientationPortrait UIInterfaceOrientationPortraitUpsideDown UIInterfaceOrientationLandscapeLeft UIInterfaceOrientationLandscapeRight";
				INFOPLIST_KEY_UISupportedInterfaceOrientations_iPhone = "UIInterfaceOrientationPortrait UIInterfaceOrientationLandscapeLeft UIInterfaceOrientationLandscapeRight";
				LD_RUNPATH_SEARCH_PATHS = (
					"$(inherited)",
					"@executable_path/Frameworks",
				);
				MARKETING_VERSION = 1.0;
				PRODUCT_BUNDLE_IDENTIFIER = com.iNotes;
				PRODUCT_NAME = "$(TARGET_NAME)";
				SWIFT_EMIT_LOC_STRINGS = YES;
				SWIFT_VERSION = 5.0;
				TARGETED_DEVICE_FAMILY = "1,2";
			};
			name = Debug;
		};
		DBDCDA1628D59F6000915573 /* Release */ = {
			isa = XCBuildConfiguration;
			buildSettings = {
				ASSETCATALOG_COMPILER_APPICON_NAME = AppIcon;
				ASSETCATALOG_COMPILER_GLOBAL_ACCENT_COLOR_NAME = AccentColor;
				CODE_SIGN_STYLE = Automatic;
				CURRENT_PROJECT_VERSION = 1;
				DEVELOPMENT_ASSET_PATHS = "\"iNotes/Preview Content\"";
				DEVELOPMENT_TEAM = 537TA5URP7;
				ENABLE_PREVIEWS = YES;
				GENERATE_INFOPLIST_FILE = YES;
				INFOPLIST_KEY_UIApplicationSceneManifest_Generation = YES;
				INFOPLIST_KEY_UIApplicationSupportsIndirectInputEvents = YES;
				INFOPLIST_KEY_UILaunchScreen_Generation = YES;
				INFOPLIST_KEY_UISupportedInterfaceOrientations_iPad = "UIInterfaceOrientationPortrait UIInterfaceOrientationPortraitUpsideDown UIInterfaceOrientationLandscapeLeft UIInterfaceOrientationLandscapeRight";
				INFOPLIST_KEY_UISupportedInterfaceOrientations_iPhone = "UIInterfaceOrientationPortrait UIInterfaceOrientationLandscapeLeft UIInterfaceOrientationLandscapeRight";
				LD_RUNPATH_SEARCH_PATHS = (
					"$(inherited)",
					"@executable_path/Frameworks",
				);
				MARKETING_VERSION = 1.0;
				PRODUCT_BUNDLE_IDENTIFIER = com.iNotes;
				PRODUCT_NAME = "$(TARGET_NAME)";
				SWIFT_EMIT_LOC_STRINGS = YES;
				SWIFT_VERSION = 5.0;
				TARGETED_DEVICE_FAMILY = "1,2";
			};
			name = Release;
		};
		DBDCDA1828D59F6000915573 /* Debug */ = {
			isa = XCBuildConfiguration;
			buildSettings = {
				ALWAYS_EMBED_SWIFT_STANDARD_LIBRARIES = YES;
				BUNDLE_LOADER = "$(TEST_HOST)";
				CODE_SIGN_STYLE = Automatic;
				CURRENT_PROJECT_VERSION = 1;
				DEVELOPMENT_TEAM = 537TA5URP7;
				GENERATE_INFOPLIST_FILE = YES;
				IPHONEOS_DEPLOYMENT_TARGET = 15.2;
				MARKETING_VERSION = 1.0;
				PRODUCT_BUNDLE_IDENTIFIER = com.iNotesTests;
				PRODUCT_NAME = "$(TARGET_NAME)";
				SWIFT_EMIT_LOC_STRINGS = NO;
				SWIFT_VERSION = 5.0;
				TARGETED_DEVICE_FAMILY = "1,2";
				TEST_HOST = "$(BUILT_PRODUCTS_DIR)/iNotes.app/iNotes";
			};
			name = Debug;
		};
		DBDCDA1928D59F6000915573 /* Release */ = {
			isa = XCBuildConfiguration;
			buildSettings = {
				ALWAYS_EMBED_SWIFT_STANDARD_LIBRARIES = YES;
				BUNDLE_LOADER = "$(TEST_HOST)";
				CODE_SIGN_STYLE = Automatic;
				CURRENT_PROJECT_VERSION = 1;
				DEVELOPMENT_TEAM = 537TA5URP7;
				GENERATE_INFOPLIST_FILE = YES;
				IPHONEOS_DEPLOYMENT_TARGET = 15.2;
				MARKETING_VERSION = 1.0;
				PRODUCT_BUNDLE_IDENTIFIER = com.iNotesTests;
				PRODUCT_NAME = "$(TARGET_NAME)";
				SWIFT_EMIT_LOC_STRINGS = NO;
				SWIFT_VERSION = 5.0;
				TARGETED_DEVICE_FAMILY = "1,2";
				TEST_HOST = "$(BUILT_PRODUCTS_DIR)/iNotes.app/iNotes";
			};
			name = Release;
		};
		DBDCDA1B28D59F6000915573 /* Debug */ = {
			isa = XCBuildConfiguration;
			buildSettings = {
				ALWAYS_EMBED_SWIFT_STANDARD_LIBRARIES = YES;
				CODE_SIGN_STYLE = Automatic;
				CURRENT_PROJECT_VERSION = 1;
				DEVELOPMENT_TEAM = 537TA5URP7;
				GENERATE_INFOPLIST_FILE = YES;
				MARKETING_VERSION = 1.0;
				PRODUCT_BUNDLE_IDENTIFIER = com.iNotesUITests;
				PRODUCT_NAME = "$(TARGET_NAME)";
				SWIFT_EMIT_LOC_STRINGS = NO;
				SWIFT_VERSION = 5.0;
				TARGETED_DEVICE_FAMILY = "1,2";
				TEST_TARGET_NAME = iNotes;
			};
			name = Debug;
		};
		DBDCDA1C28D59F6000915573 /* Release */ = {
			isa = XCBuildConfiguration;
			buildSettings = {
				ALWAYS_EMBED_SWIFT_STANDARD_LIBRARIES = YES;
				CODE_SIGN_STYLE = Automatic;
				CURRENT_PROJECT_VERSION = 1;
				DEVELOPMENT_TEAM = 537TA5URP7;
				GENERATE_INFOPLIST_FILE = YES;
				MARKETING_VERSION = 1.0;
				PRODUCT_BUNDLE_IDENTIFIER = com.iNotesUITests;
				PRODUCT_NAME = "$(TARGET_NAME)";
				SWIFT_EMIT_LOC_STRINGS = NO;
				SWIFT_VERSION = 5.0;
				TARGETED_DEVICE_FAMILY = "1,2";
				TEST_TARGET_NAME = iNotes;
			};
			name = Release;
		};
/* End XCBuildConfiguration section */

/* Begin XCConfigurationList section */
		DBDCD9E628D59F5C00915573 /* Build configuration list for PBXProject "iNotes" */ = {
			isa = XCConfigurationList;
			buildConfigurations = (
				DBDCDA1228D59F6000915573 /* Debug */,
				DBDCDA1328D59F6000915573 /* Release */,
			);
			defaultConfigurationIsVisible = 0;
			defaultConfigurationName = Release;
		};
		DBDCDA1428D59F6000915573 /* Build configuration list for PBXNativeTarget "iNotes" */ = {
			isa = XCConfigurationList;
			buildConfigurations = (
				DBDCDA1528D59F6000915573 /* Debug */,
				DBDCDA1628D59F6000915573 /* Release */,
			);
			defaultConfigurationIsVisible = 0;
			defaultConfigurationName = Release;
		};
		DBDCDA1728D59F6000915573 /* Build configuration list for PBXNativeTarget "iNotesTests" */ = {
			isa = XCConfigurationList;
			buildConfigurations = (
				DBDCDA1828D59F6000915573 /* Debug */,
				DBDCDA1928D59F6000915573 /* Release */,
			);
			defaultConfigurationIsVisible = 0;
			defaultConfigurationName = Release;
		};
		DBDCDA1A28D59F6000915573 /* Build configuration list for PBXNativeTarget "iNotesUITests" */ = {
			isa = XCConfigurationList;
			buildConfigurations = (
				DBDCDA1B28D59F6000915573 /* Debug */,
				DBDCDA1C28D59F6000915573 /* Release */,
			);
			defaultConfigurationIsVisible = 0;
			defaultConfigurationName = Release;
		};
/* End XCConfigurationList section */

/* Begin XCVersionGroup section */
		DBDCD9F928D59F6000915573 /* iNotes.xcdatamodeld */ = {
			isa = XCVersionGroup;
			children = (
				DBDCD9FA28D59F6000915573 /* iNotes.xcdatamodel */,
			);
			currentVersion = DBDCD9FA28D59F6000915573 /* iNotes.xcdatamodel */;
			path = iNotes.xcdatamodeld;
			sourceTree = "<group>";
			versionGroupType = wrapper.xcdatamodel;
		};
/* End XCVersionGroup section */
	};
	rootObject = DBDCD9E328D59F5C00915573 /* Project object */;
}
